
Microsoft Visual Studio Solution File, Format Version 10.00
# Visual Studio 2008
Project("{FAE04EC0-301F-11D3-BF4B-00C04F79EFBC}") = "MMSMessaging", "MMSMessaging.csproj", "{514C56F6-B25A-490B-A88D-A4ADFFBC98EE}"
EndProject
Global
	GlobalSection(SolutionConfigurationPlatforms) = preSolution
		Debug|Any CPU = Debug|Any CPU
		Release|Any CPU = Release|Any CPU
	EndGlobalSection
	GlobalSection(ProjectConfigurationPlatforms) = postSolution
		{514C56F6-B25A-490B-A88D-A4ADFFBC98EE}.Debug|Any CPU.ActiveCfg = Debug|Any CPU
		{514C56F6-B25A-490B-A88D-A4ADFFBC98EE}.Debug|Any CPU.Build.0 = Debug|Any CPU
		{514C56F6-B25A-490B-A88D-A4ADFFBC98EE}.Release|Any CPU.ActiveCfg = Release|Any CPU
		{514C56F6-B25A-490B-A88D-A4ADFFBC98EE}.Release|Any CPU.Build.0 = Release|Any CPU
	EndGlobalSection
	GlobalSection(SolutionProperties) = preSolution
		HideSolutionNode = FALSE
	EndGlobalSection
EndGlobal
